// !$*UTF8*$!
{
	archiveVersion = 1;
	classes = {
	};
	objectVersion = 48;
	objects = {

/* Begin PBXBuildFile section */
		1C95F04BB4982A5396F06B44 /* Pods_ParstagramTests.framework in Frameworks */ = {isa = PBXBuildFile; fileRef = F5247053928E23D5B9D4E31B /* Pods_ParstagramTests.framework */; };
		71564AFBF3ECD273D8519BAD /* Pods_ParstagramUITests.framework in Frameworks */ = {isa = PBXBuildFile; fileRef = DB03AB3BF89B1EE147336F95 /* Pods_ParstagramUITests.framework */; };
		CAA1365EF57C3E2E3840EAC6 /* Pods_Parstagram.framework in Frameworks */ = {isa = PBXBuildFile; fileRef = 153C59A8A6A13DD847F24DF5 /* Pods_Parstagram.framework */; };
		F8B3A68922274FD600485758 /* PostCell.swift in Sources */ = {isa = PBXBuildFile; fileRef = F8B3A68822274FD600485758 /* PostCell.swift */; };
		F8E2A3732224A751004CF4B0 /* LoginViewController.swift in Sources */ = {isa = PBXBuildFile; fileRef = F8E2A3722224A751004CF4B0 /* LoginViewController.swift */; };
		F8E2A3752224A76A004CF4B0 /* FeedViewController.swift in Sources */ = {isa = PBXBuildFile; fileRef = F8E2A3742224A76A004CF4B0 /* FeedViewController.swift */; };
		F8E2A3772224AE4B004CF4B0 /* CameraViewController.swift in Sources */ = {isa = PBXBuildFile; fileRef = F8E2A3762224AE4B004CF4B0 /* CameraViewController.swift */; };
		F8EA18DF2224A09A00E92E24 /* AppDelegate.swift in Sources */ = {isa = PBXBuildFile; fileRef = F8EA18DE2224A09A00E92E24 /* AppDelegate.swift */; };
		F8EA18E42224A09A00E92E24 /* Main.storyboard in Resources */ = {isa = PBXBuildFile; fileRef = F8EA18E22224A09A00E92E24 /* Main.storyboard */; };
		F8EA18E62224A09A00E92E24 /* Assets.xcassets in Resources */ = {isa = PBXBuildFile; fileRef = F8EA18E52224A09A00E92E24 /* Assets.xcassets */; };
		F8EA18E92224A09A00E92E24 /* LaunchScreen.storyboard in Resources */ = {isa = PBXBuildFile; fileRef = F8EA18E72224A09A00E92E24 /* LaunchScreen.storyboard */; };
		F8EA18F42224A09B00E92E24 /* ParstagramTests.swift in Sources */ = {isa = PBXBuildFile; fileRef = F8EA18F32224A09B00E92E24 /* ParstagramTests.swift */; };
		F8EA18FF2224A09B00E92E24 /* ParstagramUITests.swift in Sources */ = {isa = PBXBuildFile; fileRef = F8EA18FE2224A09B00E92E24 /* ParstagramUITests.swift */; };
/* End PBXBuildFile section */

/* Begin PBXContainerItemProxy section */
		F8EA18F02224A09B00E92E24 /* PBXContainerItemProxy */ = {
			isa = PBXContainerItemProxy;
			containerPortal = F8EA18D32224A09A00E92E24 /* Project object */;
			proxyType = 1;
			remoteGlobalIDString = F8EA18DA2224A09A00E92E24;
			remoteInfo = Parstagram;
		};
		F8EA18FB2224A09B00E92E24 /* PBXContainerItemProxy */ = {
			isa = PBXContainerItemProxy;
			containerPortal = F8EA18D32224A09A00E92E24 /* Project object */;
			proxyType = 1;
			remoteGlobalIDString = F8EA18DA2224A09A00E92E24;
			remoteInfo = Parstagram;
		};
/* End PBXContainerItemProxy section */

/* Begin PBXFileReference section */
		05C034FC01532FF8EF35AB63 /* Pods-ParstagramTests.release.xcconfig */ = {isa = PBXFileReference; includeInIndex = 1; lastKnownFileType = text.xcconfig; name = "Pods-ParstagramTests.release.xcconfig"; path = "Pods/Target Support Files/Pods-ParstagramTests/Pods-ParstagramTests.release.xcconfig"; sourceTree = "<group>"; };
		153C59A8A6A13DD847F24DF5 /* Pods_Parstagram.framework */ = {isa = PBXFileReference; explicitFileType = wrapper.framework; includeInIndex = 0; path = Pods_Parstagram.framework; sourceTree = BUILT_PRODUCTS_DIR; };
		3372A933DB779501191D3794 /* Pods-ParstagramUITests.debug.xcconfig */ = {isa = PBXFileReference; includeInIndex = 1; lastKnownFileType = text.xcconfig; name = "Pods-ParstagramUITests.debug.xcconfig"; path = "Pods/Target Support Files/Pods-ParstagramUITests/Pods-ParstagramUITests.debug.xcconfig"; sourceTree = "<group>"; };
		38F52FE50BAE11317ECE7AB9 /* Pods-Parstagram.release.xcconfig */ = {isa = PBXFileReference; includeInIndex = 1; lastKnownFileType = text.xcconfig; name = "Pods-Parstagram.release.xcconfig"; path = "Pods/Target Support Files/Pods-Parstagram/Pods-Parstagram.release.xcconfig"; sourceTree = "<group>"; };
		4A333E12C867E251BA7FDB9A /* Pods-ParstagramUITests.release.xcconfig */ = {isa = PBXFileReference; includeInIndex = 1; lastKnownFileType = text.xcconfig; name = "Pods-ParstagramUITests.release.xcconfig"; path = "Pods/Target Support Files/Pods-ParstagramUITests/Pods-ParstagramUITests.release.xcconfig"; sourceTree = "<group>"; };
		A8534A8A3E86C1AD78E9EF62 /* Pods-Parstagram.debug.xcconfig */ = {isa = PBXFileReference; includeInIndex = 1; lastKnownFileType = text.xcconfig; name = "Pods-Parstagram.debug.xcconfig"; path = "Pods/Target Support Files/Pods-Parstagram/Pods-Parstagram.debug.xcconfig"; sourceTree = "<group>"; };
		C184B38F1B3497A462305F3E /* Pods-ParstagramTests.debug.xcconfig */ = {isa = PBXFileReference; includeInIndex = 1; lastKnownFileType = text.xcconfig; name = "Pods-ParstagramTests.debug.xcconfig"; path = "Pods/Target Support Files/Pods-ParstagramTests/Pods-ParstagramTests.debug.xcconfig"; sourceTree = "<group>"; };
		DB03AB3BF89B1EE147336F95 /* Pods_ParstagramUITests.framework */ = {isa = PBXFileReference; explicitFileType = wrapper.framework; includeInIndex = 0; path = Pods_ParstagramUITests.framework; sourceTree = BUILT_PRODUCTS_DIR; };
		F5247053928E23D5B9D4E31B /* Pods_ParstagramTests.framework */ = {isa = PBXFileReference; explicitFileType = wrapper.framework; includeInIndex = 0; path = Pods_ParstagramTests.framework; sourceTree = BUILT_PRODUCTS_DIR; };
		F8B3A68822274FD600485758 /* PostCell.swift */ = {isa = PBXFileReference; lastKnownFileType = sourcecode.swift; path = PostCell.swift; sourceTree = "<group>"; };
		F8E2A3722224A751004CF4B0 /* LoginViewController.swift */ = {isa = PBXFileReference; lastKnownFileType = sourcecode.swift; path = LoginViewController.swift; sourceTree = "<group>"; };
		F8E2A3742224A76A004CF4B0 /* FeedViewController.swift */ = {isa = PBXFileReference; lastKnownFileType = sourcecode.swift; path = FeedViewController.swift; sourceTree = "<group>"; };
		F8E2A3762224AE4B004CF4B0 /* CameraViewController.swift */ = {isa = PBXFileReference; lastKnownFileType = sourcecode.swift; path = CameraViewController.swift; sourceTree = "<group>"; };
		F8EA18DB2224A09A00E92E24 /* Parstagram.app */ = {isa = PBXFileReference; explicitFileType = wrapper.application; includeInIndex = 0; path = Parstagram.app; sourceTree = BUILT_PRODUCTS_DIR; };
		F8EA18DE2224A09A00E92E24 /* AppDelegate.swift */ = {isa = PBXFileReference; lastKnownFileType = sourcecode.swift; path = AppDelegate.swift; sourceTree = "<group>"; };
		F8EA18E32224A09A00E92E24 /* Base */ = {isa = PBXFileReference; lastKnownFileType = file.storyboard; name = Base; path = Base.lproj/Main.storyboard; sourceTree = "<group>"; };
		F8EA18E52224A09A00E92E24 /* Assets.xcassets */ = {isa = PBXFileReference; lastKnownFileType = folder.assetcatalog; path = Assets.xcassets; sourceTree = "<group>"; };
		F8EA18E82224A09A00E92E24 /* Base */ = {isa = PBXFileReference; lastKnownFileType = file.storyboard; name = Base; path = Base.lproj/LaunchScreen.storyboard; sourceTree = "<group>"; };
		F8EA18EA2224A09A00E92E24 /* Info.plist */ = {isa = PBXFileReference; lastKnownFileType = text.plist.xml; path = Info.plist; sourceTree = "<group>"; };
		F8EA18EF2224A09B00E92E24 /* ParstagramTests.xctest */ = {isa = PBXFileReference; explicitFileType = wrapper.cfbundle; includeInIndex = 0; path = ParstagramTests.xctest; sourceTree = BUILT_PRODUCTS_DIR; };
		F8EA18F32224A09B00E92E24 /* ParstagramTests.swift */ = {isa = PBXFileReference; lastKnownFileType = sourcecode.swift; path = ParstagramTests.swift; sourceTree = "<group>"; };
		F8EA18F52224A09B00E92E24 /* Info.plist */ = {isa = PBXFileReference; lastKnownFileType = text.plist.xml; path = Info.plist; sourceTree = "<group>"; };
		F8EA18FA2224A09B00E92E24 /* ParstagramUITests.xctest */ = {isa = PBXFileReference; explicitFileType = wrapper.cfbundle; includeInIndex = 0; path = ParstagramUITests.xctest; sourceTree = BUILT_PRODUCTS_DIR; };
		F8EA18FE2224A09B00E92E24 /* ParstagramUITests.swift */ = {isa = PBXFileReference; lastKnownFileType = sourcecode.swift; path = ParstagramUITests.swift; sourceTree = "<group>"; };
		F8EA19002224A09B00E92E24 /* Info.plist */ = {isa = PBXFileReference; lastKnownFileType = text.plist.xml; path = Info.plist; sourceTree = "<group>"; };
/* End PBXFileReference section */

/* Begin PBXFrameworksBuildPhase section */
		F8EA18D82224A09A00E92E24 /* Frameworks */ = {
			isa = PBXFrameworksBuildPhase;
			buildActionMask = 2147483647;
			files = (
				CAA1365EF57C3E2E3840EAC6 /* Pods_Parstagram.framework in Frameworks */,
			);
			runOnlyForDeploymentPostprocessing = 0;
		};
		F8EA18EC2224A09B00E92E24 /* Frameworks */ = {
			isa = PBXFrameworksBuildPhase;
			buildActionMask = 2147483647;
			files = (
				1C95F04BB4982A5396F06B44 /* Pods_ParstagramTests.framework in Frameworks */,
			);
			runOnlyForDeploymentPostprocessing = 0;
		};
		F8EA18F72224A09B00E92E24 /* Frameworks */ = {
			isa = PBXFrameworksBuildPhase;
			buildActionMask = 2147483647;
			files = (
				71564AFBF3ECD273D8519BAD /* Pods_ParstagramUITests.framework in Frameworks */,
			);
			runOnlyForDeploymentPostprocessing = 0;
		};
/* End PBXFrameworksBuildPhase section */

/* Begin PBXGroup section */
		23D693EC9A23A2C7012B6705 /* Frameworks */ = {
			isa = PBXGroup;
			children = (
				153C59A8A6A13DD847F24DF5 /* Pods_Parstagram.framework */,
				F5247053928E23D5B9D4E31B /* Pods_ParstagramTests.framework */,
				DB03AB3BF89B1EE147336F95 /* Pods_ParstagramUITests.framework */,
			);
			name = Frameworks;
			sourceTree = "<group>";
		};
		684D270176F5B422C4AC7526 /* Pods */ = {
			isa = PBXGroup;
			children = (
				A8534A8A3E86C1AD78E9EF62 /* Pods-Parstagram.debug.xcconfig */,
				38F52FE50BAE11317ECE7AB9 /* Pods-Parstagram.release.xcconfig */,
				C184B38F1B3497A462305F3E /* Pods-ParstagramTests.debug.xcconfig */,
				05C034FC01532FF8EF35AB63 /* Pods-ParstagramTests.release.xcconfig */,
				3372A933DB779501191D3794 /* Pods-ParstagramUITests.debug.xcconfig */,
				4A333E12C867E251BA7FDB9A /* Pods-ParstagramUITests.release.xcconfig */,
			);
			name = Pods;
			sourceTree = "<group>";
		};
		F8EA18D22224A09A00E92E24 = {
			isa = PBXGroup;
			children = (
				F8EA18DD2224A09A00E92E24 /* Parstagram */,
				F8EA18F22224A09B00E92E24 /* ParstagramTests */,
				F8EA18FD2224A09B00E92E24 /* ParstagramUITests */,
				F8EA18DC2224A09A00E92E24 /* Products */,
				684D270176F5B422C4AC7526 /* Pods */,
				23D693EC9A23A2C7012B6705 /* Frameworks */,
			);
			sourceTree = "<group>";
		};
		F8EA18DC2224A09A00E92E24 /* Products */ = {
			isa = PBXGroup;
			children = (
				F8EA18DB2224A09A00E92E24 /* Parstagram.app */,
				F8EA18EF2224A09B00E92E24 /* ParstagramTests.xctest */,
				F8EA18FA2224A09B00E92E24 /* ParstagramUITests.xctest */,
			);
			name = Products;
			sourceTree = "<group>";
		};
		F8EA18DD2224A09A00E92E24 /* Parstagram */ = {
			isa = PBXGroup;
			children = (
				F8EA18DE2224A09A00E92E24 /* AppDelegate.swift */,
				F8EA18E22224A09A00E92E24 /* Main.storyboard */,
				F8EA18E52224A09A00E92E24 /* Assets.xcassets */,
				F8EA18E72224A09A00E92E24 /* LaunchScreen.storyboard */,
				F8EA18EA2224A09A00E92E24 /* Info.plist */,
				F8E2A3722224A751004CF4B0 /* LoginViewController.swift */,
				F8E2A3742224A76A004CF4B0 /* FeedViewController.swift */,
				F8E2A3762224AE4B004CF4B0 /* CameraViewController.swift */,
				F8B3A68822274FD600485758 /* PostCell.swift */,
			);
			path = Parstagram;
			sourceTree = "<group>";
		};
		F8EA18F22224A09B00E92E24 /* ParstagramTests */ = {
			isa = PBXGroup;
			children = (
				F8EA18F32224A09B00E92E24 /* ParstagramTests.swift */,
				F8EA18F52224A09B00E92E24 /* Info.plist */,
			);
			path = ParstagramTests;
			sourceTree = "<group>";
		};
		F8EA18FD2224A09B00E92E24 /* ParstagramUITests */ = {
			isa = PBXGroup;
			children = (
				F8EA18FE2224A09B00E92E24 /* ParstagramUITests.swift */,
				F8EA19002224A09B00E92E24 /* Info.plist */,
			);
			path = ParstagramUITests;
			sourceTree = "<group>";
		};
/* End PBXGroup section */

/* Begin PBXNativeTarget section */
		F8EA18DA2224A09A00E92E24 /* Parstagram */ = {
			isa = PBXNativeTarget;
			buildConfigurationList = F8EA19032224A09B00E92E24 /* Build configuration list for PBXNativeTarget "Parstagram" */;
			buildPhases = (
				BDDCE2D8F207F1417DF54E0F /* [CP] Check Pods Manifest.lock */,
				F8EA18D72224A09A00E92E24 /* Sources */,
				F8EA18D82224A09A00E92E24 /* Frameworks */,
				F8EA18D92224A09A00E92E24 /* Resources */,
				B03928B68A71977FE0696ADE /* [CP] Embed Pods Frameworks */,
			);
			buildRules = (
			);
			dependencies = (
			);
			name = Parstagram;
			productName = Parstagram;
			productReference = F8EA18DB2224A09A00E92E24 /* Parstagram.app */;
			productType = "com.apple.product-type.application";
		};
		F8EA18EE2224A09B00E92E24 /* ParstagramTests */ = {
			isa = PBXNativeTarget;
			buildConfigurationList = F8EA19062224A09B00E92E24 /* Build configuration list for PBXNativeTarget "ParstagramTests" */;
			buildPhases = (
				F31659918F31D113DD15E71F /* [CP] Check Pods Manifest.lock */,
				F8EA18EB2224A09B00E92E24 /* Sources */,
				F8EA18EC2224A09B00E92E24 /* Frameworks */,
				F8EA18ED2224A09B00E92E24 /* Resources */,
			);
			buildRules = (
			);
			dependencies = (
				F8EA18F12224A09B00E92E24 /* PBXTargetDependency */,
			);
			name = ParstagramTests;
			productName = ParstagramTests;
			productReference = F8EA18EF2224A09B00E92E24 /* ParstagramTests.xctest */;
			productType = "com.apple.product-type.bundle.unit-test";
		};
		F8EA18F92224A09B00E92E24 /* ParstagramUITests */ = {
			isa = PBXNativeTarget;
			buildConfigurationList = F8EA19092224A09B00E92E24 /* Build configuration list for PBXNativeTarget "ParstagramUITests" */;
			buildPhases = (
				31B4C9BEE4EF77C83F48E694 /* [CP] Check Pods Manifest.lock */,
				F8EA18F62224A09B00E92E24 /* Sources */,
				F8EA18F72224A09B00E92E24 /* Frameworks */,
				F8EA18F82224A09B00E92E24 /* Resources */,
			);
			buildRules = (
			);
			dependencies = (
				F8EA18FC2224A09B00E92E24 /* PBXTargetDependency */,
			);
			name = ParstagramUITests;
			productName = ParstagramUITests;
			productReference = F8EA18FA2224A09B00E92E24 /* ParstagramUITests.xctest */;
			productType = "com.apple.product-type.bundle.ui-testing";
		};
/* End PBXNativeTarget section */

/* Begin PBXProject section */
		F8EA18D32224A09A00E92E24 /* Project object */ = {
			isa = PBXProject;
			attributes = {
				LastSwiftUpdateCheck = 0920;
				LastUpgradeCheck = 0920;
				ORGANIZATIONNAME = "Faith Shatto";
				TargetAttributes = {
					F8EA18DA2224A09A00E92E24 = {
						CreatedOnToolsVersion = 9.2;
						ProvisioningStyle = Automatic;
					};
					F8EA18EE2224A09B00E92E24 = {
						CreatedOnToolsVersion = 9.2;
						ProvisioningStyle = Automatic;
						TestTargetID = F8EA18DA2224A09A00E92E24;
					};
					F8EA18F92224A09B00E92E24 = {
						CreatedOnToolsVersion = 9.2;
						ProvisioningStyle = Automatic;
						TestTargetID = F8EA18DA2224A09A00E92E24;
					};
				};
			};
			buildConfigurationList = F8EA18D62224A09A00E92E24 /* Build configuration list for PBXProject "Parstagram" */;
			compatibilityVersion = "Xcode 8.0";
			developmentRegion = en;
			hasScannedForEncodings = 0;
			knownRegions = (
				en,
				Base,
			);
			mainGroup = F8EA18D22224A09A00E92E24;
			productRefGroup = F8EA18DC2224A09A00E92E24 /* Products */;
			projectDirPath = "";
			projectRoot = "";
			targets = (
				F8EA18DA2224A09A00E92E24 /* Parstagram */,
				F8EA18EE2224A09B00E92E24 /* ParstagramTests */,
				F8EA18F92224A09B00E92E24 /* ParstagramUITests */,
			);
		};
/* End PBXProject section */

/* Begin PBXResourcesBuildPhase section */
		F8EA18D92224A09A00E92E24 /* Resources */ = {
			isa = PBXResourcesBuildPhase;
			buildActionMask = 2147483647;
			files = (
				F8EA18E92224A09A00E92E24 /* LaunchScreen.storyboard in Resources */,
				F8EA18E62224A09A00E92E24 /* Assets.xcassets in Resources */,
				F8EA18E42224A09A00E92E24 /* Main.storyboard in Resources */,
			);
			runOnlyForDeploymentPostprocessing = 0;
		};
		F8EA18ED2224A09B00E92E24 /* Resources */ = {
			isa = PBXResourcesBuildPhase;
			buildActionMask = 2147483647;
			files = (
			);
			runOnlyForDeploymentPostprocessing = 0;
		};
		F8EA18F82224A09B00E92E24 /* Resources */ = {
			isa = PBXResourcesBuildPhase;
			buildActionMask = 2147483647;
			files = (
			);
			runOnlyForDeploymentPostprocessing = 0;
		};
/* End PBXResourcesBuildPhase section */

/* Begin PBXShellScriptBuildPhase section */
		31B4C9BEE4EF77C83F48E694 /* [CP] Check Pods Manifest.lock */ = {
			isa = PBXShellScriptBuildPhase;
			buildActionMask = 2147483647;
			files = (
			);
			inputPaths = (
				"${PODS_PODFILE_DIR_PATH}/Podfile.lock",
				"${PODS_ROOT}/Manifest.lock",
			);
			name = "[CP] Check Pods Manifest.lock";
			outputPaths = (
				"$(DERIVED_FILE_DIR)/Pods-ParstagramUITests-checkManifestLockResult.txt",
			);
			runOnlyForDeploymentPostprocessing = 0;
			shellPath = /bin/sh;
			shellScript = "diff \"${PODS_PODFILE_DIR_PATH}/Podfile.lock\" \"${PODS_ROOT}/Manifest.lock\" > /dev/null\nif [ $? != 0 ] ; then\n    # print error to STDERR\n    echo \"error: The sandbox is not in sync with the Podfile.lock. Run 'pod install' or update your CocoaPods installation.\" >&2\n    exit 1\nfi\n# This output is used by Xcode 'outputs' to avoid re-running this script phase.\necho \"SUCCESS\" > \"${SCRIPT_OUTPUT_FILE_0}\"\n";
			showEnvVarsInLog = 0;
		};
		B03928B68A71977FE0696ADE /* [CP] Embed Pods Frameworks */ = {
			isa = PBXShellScriptBuildPhase;
			buildActionMask = 2147483647;
			files = (
			);
			inputPaths = (
				"${SRCROOT}/Pods/Target Support Files/Pods-Parstagram/Pods-Parstagram-frameworks.sh",
				"${BUILT_PRODUCTS_DIR}/Alamofire/Alamofire.framework",
				"${BUILT_PRODUCTS_DIR}/AlamofireImage/AlamofireImage.framework",
				"${BUILT_PRODUCTS_DIR}/Bolts/Bolts.framework",
				"${BUILT_PRODUCTS_DIR}/Parse/Parse.framework",
			);
			name = "[CP] Embed Pods Frameworks";
			outputPaths = (
				"${TARGET_BUILD_DIR}/${FRAMEWORKS_FOLDER_PATH}/Alamofire.framework",
				"${TARGET_BUILD_DIR}/${FRAMEWORKS_FOLDER_PATH}/AlamofireImage.framework",
				"${TARGET_BUILD_DIR}/${FRAMEWORKS_FOLDER_PATH}/Bolts.framework",
				"${TARGET_BUILD_DIR}/${FRAMEWORKS_FOLDER_PATH}/Parse.framework",
			);
			runOnlyForDeploymentPostprocessing = 0;
			shellPath = /bin/sh;
			shellScript = "\"${SRCROOT}/Pods/Target Support Files/Pods-Parstagram/Pods-Parstagram-frameworks.sh\"\n";
			showEnvVarsInLog = 0;
		};
		BDDCE2D8F207F1417DF54E0F /* [CP] Check Pods Manifest.lock */ = {
			isa = PBXShellScriptBuildPhase;
			buildActionMask = 2147483647;
			files = (
			);
			inputPaths = (
				"${PODS_PODFILE_DIR_PATH}/Podfile.lock",
				"${PODS_ROOT}/Manifest.lock",
			);
			name = "[CP] Check Pods Manifest.lock";
			outputPaths = (
				"$(DERIVED_FILE_DIR)/Pods-Parstagram-checkManifestLockResult.txt",
			);
			runOnlyForDeploymentPostprocessing = 0;
			shellPath = /bin/sh;
			shellScript = "diff \"${PODS_PODFILE_DIR_PATH}/Podfile.lock\" \"${PODS_ROOT}/Manifest.lock\" > /dev/null\nif [ $? != 0 ] ; then\n    # print error to STDERR\n    echo \"error: The sandbox is not in sync with the Podfile.lock. Run 'pod install' or update your CocoaPods installation.\" >&2\n    exit 1\nfi\n# This output is used by Xcode 'outputs' to avoid re-running this script phase.\necho \"SUCCESS\" > \"${SCRIPT_OUTPUT_FILE_0}\"\n";
			showEnvVarsInLog = 0;
		};
		F31659918F31D113DD15E71F /* [CP] Check Pods Manifest.lock */ = {
			isa = PBXShellScriptBuildPhase;
			buildActionMask = 2147483647;
			files = (
			);
			inputPaths = (
				"${PODS_PODFILE_DIR_PATH}/Podfile.lock",
				"${PODS_ROOT}/Manifest.lock",
			);
			name = "[CP] Check Pods Manifest.lock";
			outputPaths = (
				"$(DERIVED_FILE_DIR)/Pods-ParstagramTests-checkManifestLockResult.txt",
			);
			runOnlyForDeploymentPostprocessing = 0;
			shellPath = /bin/sh;
			shellScript = "diff \"${PODS_PODFILE_DIR_PATH}/Podfile.lock\" \"${PODS_ROOT}/Manifest.lock\" > /dev/null\nif [ $? != 0 ] ; then\n    # print error to STDERR\n    echo \"error: The sandbox is not in sync with the Podfile.lock. Run 'pod install' or update your CocoaPods installation.\" >&2\n    exit 1\nfi\n# This output is used by Xcode 'outputs' to avoid re-running this script phase.\necho \"SUCCESS\" > \"${SCRIPT_OUTPUT_FILE_0}\"\n";
			showEnvVarsInLog = 0;
		};
/* End PBXShellScriptBuildPhase section */

/* Begin PBXSourcesBuildPhase section */
		F8EA18D72224A09A00E92E24 /* Sources */ = {
			isa = PBXSourcesBuildPhase;
			buildActionMask = 2147483647;
			files = (
				F8E2A3732224A751004CF4B0 /* LoginViewController.swift in Sources */,
				F8E2A3772224AE4B004CF4B0 /* CameraViewController.swift in Sources */,
				F8E2A3752224A76A004CF4B0 /* FeedViewController.swift in Sources */,
				F8EA18DF2224A09A00E92E24 /* AppDelegate.swift in Sources */,
				F8B3A68922274FD600485758 /* PostCell.swift in Sources */,
			);
			runOnlyForDeploymentPostprocessing = 0;
		};
		F8EA18EB2224A09B00E92E24 /* Sources */ = {
			isa = PBXSourcesBuildPhase;
			buildActionMask = 2147483647;
			files = (
				F8EA18F42224A09B00E92E24 /* ParstagramTests.swift in Sources */,
			);
			runOnlyForDeploymentPostprocessing = 0;
		};
		F8EA18F62224A09B00E92E24 /* Sources */ = {
			isa = PBXSourcesBuildPhase;
			buildActionMask = 2147483647;
			files = (
				F8EA18FF2224A09B00E92E24 /* ParstagramUITests.swift in Sources */,
			);
			runOnlyForDeploymentPostprocessing = 0;
		};
/* End PBXSourcesBuildPhase section */

/* Begin PBXTargetDependency section */
		F8EA18F12224A09B00E92E24 /* PBXTargetDependency */ = {
			isa = PBXTargetDependency;
			target = F8EA18DA2224A09A00E92E24 /* Parstagram */;
			targetProxy = F8EA18F02224A09B00E92E24 /* PBXContainerItemProxy */;
		};
		F8EA18FC2224A09B00E92E24 /* PBXTargetDependency */ = {
			isa = PBXTargetDependency;
			target = F8EA18DA2224A09A00E92E24 /* Parstagram */;
			targetProxy = F8EA18FB2224A09B00E92E24 /* PBXContainerItemProxy */;
		};
/* End PBXTargetDependency section */

/* Begin PBXVariantGroup section */
		F8EA18E22224A09A00E92E24 /* Main.storyboard */ = {
			isa = PBXVariantGroup;
			children = (
				F8EA18E32224A09A00E92E24 /* Base */,
			);
			name = Main.storyboard;
			sourceTree = "<group>";
		};
		F8EA18E72224A09A00E92E24 /* LaunchScreen.storyboard */ = {
			isa = PBXVariantGroup;
			children = (
				F8EA18E82224A09A00E92E24 /* Base */,
			);
			name = LaunchScreen.storyboard;
			sourceTree = "<group>";
		};
/* End PBXVariantGroup section */

/* Begin XCBuildConfiguration section */
		F8EA19012224A09B00E92E24 /* Debug */ = {
			isa = XCBuildConfiguration;
			buildSettings = {
				ALWAYS_SEARCH_USER_PATHS = NO;
				CLANG_ANALYZER_NONNULL = YES;
				CLANG_ANALYZER_NUMBER_OBJECT_CONVERSION = YES_AGGRESSIVE;
				CLANG_CXX_LANGUAGE_STANDARD = "gnu++14";
				CLANG_CXX_LIBRARY = "libc++";
				CLANG_ENABLE_MODULES = YES;
				CLANG_ENABLE_OBJC_ARC = YES;
				CLANG_WARN_BLOCK_CAPTURE_AUTORELEASING = YES;
				CLANG_WARN_BOOL_CONVERSION = YES;
				CLANG_WARN_COMMA = YES;
				CLANG_WARN_CONSTANT_CONVERSION = YES;
				CLANG_WARN_DIRECT_OBJC_ISA_USAGE = YES_ERROR;
				CLANG_WARN_DOCUMENTATION_COMMENTS = YES;
				CLANG_WARN_EMPTY_BODY = YES;
				CLANG_WARN_ENUM_CONVERSION = YES;
				CLANG_WARN_INFINITE_RECURSION = YES;
				CLANG_WARN_INT_CONVERSION = YES;
				CLANG_WARN_NON_LITERAL_NULL_CONVERSION = YES;
				CLANG_WARN_OBJC_LITERAL_CONVERSION = YES;
				CLANG_WARN_OBJC_ROOT_CLASS = YES_ERROR;
				CLANG_WARN_RANGE_LOOP_ANALYSIS = YES;
				CLANG_WARN_STRICT_PROTOTYPES = YES;
				CLANG_WARN_SUSPICIOUS_MOVE = YES;
				CLANG_WARN_UNGUARDED_AVAILABILITY = YES_AGGRESSIVE;
				CLANG_WARN_UNREACHABLE_CODE = YES;
				CLANG_WARN__DUPLICATE_METHOD_MATCH = YES;
				CODE_SIGN_IDENTITY = "iPhone Developer";
				COPY_PHASE_STRIP = NO;
				DEBUG_INFORMATION_FORMAT = dwarf;
				ENABLE_STRICT_OBJC_MSGSEND = YES;
				ENABLE_TESTABILITY = YES;
				GCC_C_LANGUAGE_STANDARD = gnu11;
				GCC_DYNAMIC_NO_PIC = NO;
				GCC_NO_COMMON_BLOCKS = YES;
				GCC_OPTIMIZATION_LEVEL = 0;
				GCC_PREPROCESSOR_DEFINITIONS = (
					"DEBUG=1",
					"$(inherited)",
				);
				GCC_WARN_64_TO_32_BIT_CONVERSION = YES;
				GCC_WARN_ABOUT_RETURN_TYPE = YES_ERROR;
				GCC_WARN_UNDECLARED_SELECTOR = YES;
				GCC_WARN_UNINITIALIZED_AUTOS = YES_AGGRESSIVE;
				GCC_WARN_UNUSED_FUNCTION = YES;
				GCC_WARN_UNUSED_VARIABLE = YES;
				IPHONEOS_DEPLOYMENT_TARGET = 11.2;
				MTL_ENABLE_DEBUG_INFO = YES;
				ONLY_ACTIVE_ARCH = YES;
				SDKROOT = iphoneos;
				SWIFT_ACTIVE_COMPILATION_CONDITIONS = DEBUG;
				SWIFT_OPTIMIZATION_LEVEL = "-Onone";
			};
			name = Debug;
		};
		F8EA19022224A09B00E92E24 /* Release */ = {
			isa = XCBuildConfiguration;
			buildSettings = {
				ALWAYS_SEARCH_USER_PATHS = NO;
				CLANG_ANALYZER_NONNULL = YES;
				CLANG_ANALYZER_NUMBER_OBJECT_CONVERSION = YES_AGGRESSIVE;
				CLANG_CXX_LANGUAGE_STANDARD = "gnu++14";
				CLANG_CXX_LIBRARY = "libc++";
				CLANG_ENABLE_MODULES = YES;
				CLANG_ENABLE_OBJC_ARC = YES;
				CLANG_WARN_BLOCK_CAPTURE_AUTORELEASING = YES;
				CLANG_WARN_BOOL_CONVERSION = YES;
				CLANG_WARN_COMMA = YES;
				CLANG_WARN_CONSTANT_CONVERSION = YES;
				CLANG_WARN_DIRECT_OBJC_ISA_USAGE = YES_ERROR;
				CLANG_WARN_DOCUMENTATION_COMMENTS = YES;
				CLANG_WARN_EMPTY_BODY = YES;
				CLANG_WARN_ENUM_CONVERSION = YES;
				CLANG_WARN_INFINITE_RECURSION = YES;
				CLANG_WARN_INT_CONVERSION = YES;
				CLANG_WARN_NON_LITERAL_NULL_CONVERSION = YES;
				CLANG_WARN_OBJC_LITERAL_CONVERSION = YES;
				CLANG_WARN_OBJC_ROOT_CLASS = YES_ERROR;
				CLANG_WARN_RANGE_LOOP_ANALYSIS = YES;
				CLANG_WARN_STRICT_PROTOTYPES = YES;
				CLANG_WARN_SUSPICIOUS_MOVE = YES;
				CLANG_WARN_UNGUARDED_AVAILABILITY = YES_AGGRESSIVE;
				CLANG_WARN_UNREACHABLE_CODE = YES;
				CLANG_WARN__DUPLICATE_METHOD_MATCH = YES;
				CODE_SIGN_IDENTITY = "iPhone Developer";
				COPY_PHASE_STRIP = NO;
				DEBUG_INFORMATION_FORMAT = "dwarf-with-dsym";
				ENABLE_NS_ASSERTIONS = NO;
				ENABLE_STRICT_OBJC_MSGSEND = YES;
				GCC_C_LANGUAGE_STANDARD = gnu11;
				GCC_NO_COMMON_BLOCKS = YES;
				GCC_WARN_64_TO_32_BIT_CONVERSION = YES;
				GCC_WARN_ABOUT_RETURN_TYPE = YES_ERROR;
				GCC_WARN_UNDECLARED_SELECTOR = YES;
				GCC_WARN_UNINITIALIZED_AUTOS = YES_AGGRESSIVE;
				GCC_WARN_UNUSED_FUNCTION = YES;
				GCC_WARN_UNUSED_VARIABLE = YES;
				IPHONEOS_DEPLOYMENT_TARGET = 11.2;
				MTL_ENABLE_DEBUG_INFO = NO;
				SDKROOT = iphoneos;
				SWIFT_OPTIMIZATION_LEVEL = "-Owholemodule";
				VALIDATE_PRODUCT = YES;
			};
			name = Release;
		};
		F8EA19042224A09B00E92E24 /* Debug */ = {
			isa = XCBuildConfiguration;
			baseConfigurationReference = A8534A8A3E86C1AD78E9EF62 /* Pods-Parstagram.debug.xcconfig */;
			buildSettings = {
				ASSETCATALOG_COMPILER_APPICON_NAME = AppIcon;
				CODE_SIGN_STYLE = Automatic;
				INFOPLIST_FILE = Parstagram/Info.plist;
				LD_RUNPATH_SEARCH_PATHS = "$(inherited) @executable_path/Frameworks";
				PRODUCT_BUNDLE_IDENTIFIER = csumb.edu.Parstagram;
				PRODUCT_NAME = "$(TARGET_NAME)";
				SWIFT_VERSION = 4.0;
				TARGETED_DEVICE_FAMILY = "1,2";
			};
			name = Debug;
		};
		F8EA19052224A09B00E92E24 /* Release */ = {
			isa = XCBuildConfiguration;
			baseConfigurationReference = 38F52FE50BAE11317ECE7AB9 /* Pods-Parstagram.release.xcconfig */;
			buildSettings = {
				ASSETCATALOG_COMPILER_APPICON_NAME = AppIcon;
				CODE_SIGN_STYLE = Automatic;
				INFOPLIST_FILE = Parstagram/Info.plist;
				LD_RUNPATH_SEARCH_PATHS = "$(inherited) @executable_path/Frameworks";
				PRODUCT_BUNDLE_IDENTIFIER = csumb.edu.Parstagram;
				PRODUCT_NAME = "$(TARGET_NAME)";
				SWIFT_VERSION = 4.0;
				TARGETED_DEVICE_FAMILY = "1,2";
			};
			name = Release;
		};
		F8EA19072224A09B00E92E24 /* Debug */ = {
			isa = XCBuildConfiguration;
			baseConfigurationReference = C184B38F1B3497A462305F3E /* Pods-ParstagramTests.debug.xcconfig */;
			buildSettings = {
				ALWAYS_EMBED_SWIFT_STANDARD_LIBRARIES = YES;
				BUNDLE_LOADER = "$(TEST_HOST)";
				CODE_SIGN_STYLE = Automatic;
				INFOPLIST_FILE = ParstagramTests/Info.plist;
				LD_RUNPATH_SEARCH_PATHS = "$(inherited) @executable_path/Frameworks @loader_path/Frameworks";
				PRODUCT_BUNDLE_IDENTIFIER = csumb.edu.ParstagramTests;
				PRODUCT_NAME = "$(TARGET_NAME)";
				SWIFT_VERSION = 4.0;
				TARGETED_DEVICE_FAMILY = "1,2";
				TEST_HOST = "$(BUILT_PRODUCTS_DIR)/Parstagram.app/Parstagram";
			};
			name = Debug;
		};
		F8EA19082224A09B00E92E24 /* Release */ = {
			isa = XCBuildConfiguration;
			baseConfigurationReference = 05C034FC01532FF8EF35AB63 /* Pods-ParstagramTests.release.xcconfig */;
			buildSettings = {
				ALWAYS_EMBED_SWIFT_STANDARD_LIBRARIES = YES;
				BUNDLE_LOADER = "$(TEST_HOST)";
				CODE_SIGN_STYLE = Automatic;
				INFOPLIST_FILE = ParstagramTests/Info.plist;
				LD_RUNPATH_SEARCH_PATHS = "$(inherited) @executable_path/Frameworks @loader_path/Frameworks";
				PRODUCT_BUNDLE_IDENTIFIER = csumb.edu.ParstagramTests;
				PRODUCT_NAME = "$(TARGET_NAME)";
				SWIFT_VERSION = 4.0;
				TARGETED_DEVICE_FAMILY = "1,2";
				TEST_HOST = "$(BUILT_PRODUCTS_DIR)/Parstagram.app/Parstagram";
			};
			name = Release;
		};
		F8EA190A2224A09B00E92E24 /* Debug */ = {
			isa = XCBuildConfiguration;
			baseConfigurationReference = 3372A933DB779501191D3794 /* Pods-ParstagramUITests.debug.xcconfig */;
			buildSettings = {
				ALWAYS_EMBED_SWIFT_STANDARD_LIBRARIES = YES;
				CODE_SIGN_STYLE = Automatic;
				INFOPLIST_FILE = ParstagramUITests/Info.plist;
				LD_RUNPATH_SEARCH_PATHS = "$(inherited) @executable_path/Frameworks @loader_path/Frameworks";
				PRODUCT_BUNDLE_IDENTIFIER = csumb.edu.ParstagramUITests;
				PRODUCT_NAME = "$(TARGET_NAME)";
				SWIFT_VERSION = 4.0;
				TARGETED_DEVICE_FAMILY = "1,2";
				TEST_TARGET_NAME = Parstagram;
			};
			name = Debug;
		};
		F8EA190B2224A09B00E92E24 /* Release */ = {
			isa = XCBuildConfiguration;
			baseConfigurationReference = 4A333E12C867E251BA7FDB9A /* Pods-ParstagramUITests.release.xcconfig */;
			buildSettings = {
				ALWAYS_EMBED_SWIFT_STANDARD_LIBRARIES = YES;
				CODE_SIGN_STYLE = Automatic;
				INFOPLIST_FILE = ParstagramUITests/Info.plist;
				LD_RUNPATH_SEARCH_PATHS = "$(inherited) @executable_path/Frameworks @loader_path/Frameworks";
				PRODUCT_BUNDLE_IDENTIFIER = csumb.edu.ParstagramUITests;
				PRODUCT_NAME = "$(TARGET_NAME)";
				SWIFT_VERSION = 4.0;
				TARGETED_DEVICE_FAMILY = "1,2";
				TEST_TARGET_NAME = Parstagram;
			};
			name = Release;
		};
/* End XCBuildConfiguration section */

/* Begin XCConfigurationList section */
		F8EA18D62224A09A00E92E24 /* Build configuration list for PBXProject "Parstagram" */ = {
			isa = XCConfigurationList;
			buildConfigurations = (
				F8EA19012224A09B00E92E24 /* Debug */,
				F8EA19022224A09B00E92E24 /* Release */,
			);
			defaultConfigurationIsVisible = 0;
			defaultConfigurationName = Release;
		};
		F8EA19032224A09B00E92E24 /* Build configuration list for PBXNativeTarget "Parstagram" */ = {
			isa = XCConfigurationList;
			buildConfigurations = (
				F8EA19042224A09B00E92E24 /* Debug */,
				F8EA19052224A09B00E92E24 /* Release */,
			);
			defaultConfigurationIsVisible = 0;
			defaultConfigurationName = Release;
		};
		F8EA19062224A09B00E92E24 /* Build configuration list for PBXNativeTarget "ParstagramTests" */ = {
			isa = XCConfigurationList;
			buildConfigurations = (
				F8EA19072224A09B00E92E24 /* Debug */,
				F8EA19082224A09B00E92E24 /* Release */,
			);
			defaultConfigurationIsVisible = 0;
			defaultConfigurationName = Release;
		};
		F8EA19092224A09B00E92E24 /* Build configuration list for PBXNativeTarget "ParstagramUITests" */ = {
			isa = XCConfigurationList;
			buildConfigurations = (
				F8EA190A2224A09B00E92E24 /* Debug */,
				F8EA190B2224A09B00E92E24 /* Release */,
			);
			defaultConfigurationIsVisible = 0;
			defaultConfigurationName = Release;
		};
/* End XCConfigurationList section */
	};
	rootObject = F8EA18D32224A09A00E92E24 /* Project object */;
}
